
Microsoft Visual Studio Solution File, Format Version 12.00
# Visual Studio Version 17
VisualStudioVersion = 17.9.34701.34
MinimumVisualStudioVersion = 10.0.40219.1
Project("{FAE04EC0-301F-11D3-BF4B-00C04F79EFBC}") = "Restaurant", "Restaurant.csproj", "{06231A33-423D-4D48-A878-B9AF51945F01}"
EndProject
Project("{FAE04EC0-301F-11D3-BF4B-00C04F79EFBC}") = "Database", "..\Database\Database.csproj", "{5E4B3C7D-A0F0-4634-92E9-49071288ED99}"
EndProject
Global
	GlobalSection(SolutionConfigurationPlatforms) = preSolution
		Debug|Any CPU = Debug|Any CPU
		Release|Any CPU = Release|Any CPU
	EndGlobalSection
	GlobalSection(ProjectConfigurationPlatforms) = postSolution
		{06231A33-423D-4D48-A878-B9AF51945F01}.Debug|Any CPU.ActiveCfg = Debug|Any CPU
		{06231A33-423D-4D48-A878-B9AF51945F01}.Debug|Any CPU.Build.0 = Debug|Any CPU
		{06231A33-423D-4D48-A878-B9AF51945F01}.Release|Any CPU.ActiveCfg = Release|Any CPU
		{06231A33-423D-4D48-A878-B9AF51945F01}.Release|Any CPU.Build.0 = Release|Any CPU
		{5E4B3C7D-A0F0-4634-92E9-49071288ED99}.Debug|Any CPU.ActiveCfg = Debug|Any CPU
		{5E4B3C7D-A0F0-4634-92E9-49071288ED99}.Debug|Any CPU.Build.0 = Debug|Any CPU
		{5E4B3C7D-A0F0-4634-92E9-49071288ED99}.Release|Any CPU.ActiveCfg = Release|Any CPU
		{5E4B3C7D-A0F0-4634-92E9-49071288ED99}.Release|Any CPU.Build.0 = Release|Any CPU
	EndGlobalSection
	GlobalSection(SolutionProperties) = preSolution
		HideSolutionNode = FALSE
	EndGlobalSection
	GlobalSection(ExtensibilityGlobals) = postSolution
		SolutionGuid = {CE9169BA-DFC2-4F9D-B0C7-1E0514006672}
	EndGlobalSection
EndGlobal
